
Microsoft Visual Studio Solution File, Format Version 12.00
# Visual Studio Version 17
VisualStudioVersion = 17.3.32819.101
MinimumVisualStudioVersion = 10.0.40219.1
Project("{FAE04EC0-301F-11D3-BF4B-00C04F79EFBC}") = "PeriodicTimer_sample", "PeriodicTimer_sample\PeriodicTimer_sample.csproj", "{90E763A7-3A8E-43D0-88C0-9DB39D9F18E7}"
EndProject
Global
	GlobalSection(SolutionConfigurationPlatforms) = preSolution
		Debug|Any CPU = Debug|Any CPU
		Release|Any CPU = Release|Any CPU
	EndGlobalSection
	GlobalSection(ProjectConfigurationPlatforms) = postSolution
		{90E763A7-3A8E-43D0-88C0-9DB39D9F18E7}.Debug|Any CPU.ActiveCfg = Debug|Any CPU
		{90E763A7-3A8E-43D0-88C0-9DB39D9F18E7}.Debug|Any CPU.Build.0 = Debug|Any CPU
		{90E763A7-3A8E-43D0-88C0-9DB39D9F18E7}.Release|Any CPU.ActiveCfg = Release|Any CPU
		{90E763A7-3A8E-43D0-88C0-9DB39D9F18E7}.Release|Any CPU.Build.0 = Release|Any CPU
	EndGlobalSection
	GlobalSection(SolutionProperties) = preSolution
		HideSolutionNode = FALSE
	EndGlobalSection
	GlobalSection(ExtensibilityGlobals) = postSolution
		SolutionGuid = {654D19C9-F273-4450-9746-CF5EEEA66F4A}
	EndGlobalSection
EndGlobal
